
Microsoft Visual Studio Solution File, Format Version 12.00
# Visual Studio Version 17
VisualStudioVersion = 17.1.32210.238
MinimumVisualStudioVersion = 10.0.40219.1
Project("{FAE04EC0-301F-11D3-BF4B-00C04F79EFBC}") = "Identity_Login and Registration(ASPCore)", "Identity_Login and Registration(ASPCore)\Identity_Login and Registration(ASPCore).csproj", "{BF494B85-DAF3-4A2F-A7A4-3211FFE4A0CB}"
EndProject
Global
	GlobalSection(SolutionConfigurationPlatforms) = preSolution
		Debug|Any CPU = Debug|Any CPU
		Release|Any CPU = Release|Any CPU
	EndGlobalSection
	GlobalSection(ProjectConfigurationPlatforms) = postSolution
		{BF494B85-DAF3-4A2F-A7A4-3211FFE4A0CB}.Debug|Any CPU.ActiveCfg = Debug|Any CPU
		{BF494B85-DAF3-4A2F-A7A4-3211FFE4A0CB}.Debug|Any CPU.Build.0 = Debug|Any CPU
		{BF494B85-DAF3-4A2F-A7A4-3211FFE4A0CB}.Release|Any CPU.ActiveCfg = Release|Any CPU
		{BF494B85-DAF3-4A2F-A7A4-3211FFE4A0CB}.Release|Any CPU.Build.0 = Release|Any CPU
	EndGlobalSection
	GlobalSection(SolutionProperties) = preSolution
		HideSolutionNode = FALSE
	EndGlobalSection
	GlobalSection(ExtensibilityGlobals) = postSolution
		SolutionGuid = {6E6DFAEB-5C71-4E38-87F1-41C87E34518C}
	EndGlobalSection
EndGlobal
